github.com/atotto/clipboard v0.1.4 h1:EH0zSVneZPSuFR11BlR9YppQTVDbh5+16AmcJi4g1z4=
github.com/atotto/clipboard v0.1.4/go.mod h1:ZY9tmq7sm5xIbd9bOK4onWV4S6X0u6GY7Vn0Yu86PYI=
github.com/diamondburned/gotk4/pkg v0.0.0-20221128225153-0aab6160f191 h1:QvGu13czwkizSiqaVKnKbIt3Vh9nvnDPpOSYh2crLm0=
github.com/diamondburned/gotk4/pkg v0.0.0-20221128225153-0aab6160f191/go.mod h1:DdFIIgGetfZf4ZQJkdQTYNcrIBPO8DEvVNIJgzGjWEE=
github.com/gen2brain/dlgs v0.0.0-20220603100644-40c77870fa8d h1:dHYKX8CBAs1zSGXm3q3M15CLAEwPEkwrK1ed8FCo+Xo=
github.com/gen2brain/dlgs v0.0.0-20220603100644-40c77870fa8d/go.mod h1:/eFcjDXaU2THSOOqLxOPETIbHETnamk8FA/hMjhg/gU=
github.com/gopherjs/gopherjs v1.17.2 h1:fQnZVsXk8uxXIStYb0N4bGk7jeyTalG/wsZjQ25dO0g=
github.com/gopherjs/gopherjs v1.17.2/go.mod h1:pRRIvn/QzFLrKfvEz3qUuEhtE/zLCWfreZ6J5gM2i+k=
github.com/mattn/go-sqlite3 v1.14.16 h1:yOQRA0RpS5PFz/oikGwBEqvAWhWg5ufRz4ETLjwpU1Y=
github.com/mattn/go-sqlite3 v1.14.16/go.mod h1:2eHXhiwb8IkHr+BDWZGa96P6+rkvnG63S2DGjv9HUNg=
go4.org/unsafe/assume-no-moving-gc v0.0.0-20220617031537-928513b29760 h1:FyBZqvoA/jbNzuAWLQE2kG820zMAkcilx6BMjGbL/E4=
go4.org/unsafe/assume-no-moving-gc v0.0.0-20220617031537-928513b29760/go.mod h1:FftLjUGFEDu5k8lt0ddY+HcrH/qU/0qk+H8j9/nTl3E=
golang.org/x/exp v0.0.0-20221204150635-6dcec336b2bb h1:QIsP/NmClBICkqnJ4rSIhnrGiGR7Yv9ZORGGnmmLTPk=
golang.org/x/exp v0.0.0-20221204150635-6dcec336b2bb/go.mod h1:CxIveKay+FTh1D0yPZemJVgC/95VzuuOLq5Qi4xnoYc=
golang.org/x/sync v0.0.0-20210220032951-036812b2e83c h1:5KslGYwFpkhGh+Q16bwMP3cOontH8FOep7tGV86Y7SQ=
golang.org/x/sync v0.0.0-20210220032951-036812b2e83c/go.mod h1:RxMgew5VJxzue5/jJTE5uejpjVlOe/izrB70Jof72aM=
gopkg.in/guregu/null.v3 v3.5.0 h1:xTcasT8ETfMcUHn0zTvIYtQud/9Mx5dJqD554SZct0o=
gopkg.in/guregu/null.v3 v3.5.0/go.mod h1:E4tX2Qe3h7QdL+uZ3a0vqvYwKQsRSQKM5V4YltdgH9Y=
gopkg.in/vansante/go-ffprobe.v2 v2.1.1 h1:DIh5fMn+tlBvG7pXyUZdemVmLdERnf2xX6XOFF+0BBU=
gopkg.in/vansante/go-ffprobe.v2 v2.1.1/go.mod h1:qF0AlAjk7Nqzqf3y333Ly+KxN3cKF2JqA3JT5ZheUGE=
